
Microsoft Visual Studio Solution File, Format Version 12.00
# Visual Studio Version 16
VisualStudioVersion = 16.0.29806.167
MinimumVisualStudioVersion = 10.0.40219.1
Project("{FAE04EC0-301F-11D3-BF4B-00C04F79EFBC}") = "WindowsFormsApp11", "WindowsFormsApp11\WindowsFormsApp11.csproj", "{4B38841E-8554-4DF8-B461-6246B617EA23}"
EndProject
Global
	GlobalSection(SolutionConfigurationPlatforms) = preSolution
		Debug|Any CPU = Debug|Any CPU
		Release|Any CPU = Release|Any CPU
	EndGlobalSection
	GlobalSection(ProjectConfigurationPlatforms) = postSolution
		{4B38841E-8554-4DF8-B461-6246B617EA23}.Debug|Any CPU.ActiveCfg = Debug|Any CPU
		{4B38841E-8554-4DF8-B461-6246B617EA23}.Debug|Any CPU.Build.0 = Debug|Any CPU
		{4B38841E-8554-4DF8-B461-6246B617EA23}.Release|Any CPU.ActiveCfg = Release|Any CPU
		{4B38841E-8554-4DF8-B461-6246B617EA23}.Release|Any CPU.Build.0 = Release|Any CPU
	EndGlobalSection
	GlobalSection(SolutionProperties) = preSolution
		HideSolutionNode = FALSE
	EndGlobalSection
	GlobalSection(ExtensibilityGlobals) = postSolution
		SolutionGuid = {5BC40EC8-4B05-4916-A407-DC949DA487C9}
	EndGlobalSection
EndGlobal
